
Microsoft Visual Studio Solution File, Format Version 12.00
# Visual Studio Version 17
VisualStudioVersion = 17.3.32825.248
MinimumVisualStudioVersion = 10.0.40219.1
Project("{9A19103F-16F7-4668-BE54-9A1E7A4F7556}") = "Laba5TheFirstTask", "Laba5TheFirstTask\Laba5TheFirstTask.csproj", "{BC694B5B-D0FA-4842-8A09-A814D5CABF64}"
EndProject
Project("{9A19103F-16F7-4668-BE54-9A1E7A4F7556}") = "Laba5TheSecondTask", "..\Laba5TheSecondTask\Laba5TheSecondTask\Laba5TheSecondTask.csproj", "{1090397A-F65E-47C9-9CE4-392C700D2420}"
EndProject
Project("{9A19103F-16F7-4668-BE54-9A1E7A4F7556}") = "Laba5TheFourthTask", "..\Lesson17.09.2022\Lesson17.09.2022\Laba5TheFourthTask.csproj", "{ACB4A0D2-4A3C-4BAE-880B-DE437851EBD1}"
EndProject
Global
	GlobalSection(SolutionConfigurationPlatforms) = preSolution
		Debug|Any CPU = Debug|Any CPU
		Release|Any CPU = Release|Any CPU
	EndGlobalSection
	GlobalSection(ProjectConfigurationPlatforms) = postSolution
		{BC694B5B-D0FA-4842-8A09-A814D5CABF64}.Debug|Any CPU.ActiveCfg = Debug|Any CPU
		{BC694B5B-D0FA-4842-8A09-A814D5CABF64}.Debug|Any CPU.Build.0 = Debug|Any CPU
		{BC694B5B-D0FA-4842-8A09-A814D5CABF64}.Release|Any CPU.ActiveCfg = Release|Any CPU
		{BC694B5B-D0FA-4842-8A09-A814D5CABF64}.Release|Any CPU.Build.0 = Release|Any CPU
		{1090397A-F65E-47C9-9CE4-392C700D2420}.Debug|Any CPU.ActiveCfg = Debug|Any CPU
		{1090397A-F65E-47C9-9CE4-392C700D2420}.Debug|Any CPU.Build.0 = Debug|Any CPU
		{1090397A-F65E-47C9-9CE4-392C700D2420}.Release|Any CPU.ActiveCfg = Release|Any CPU
		{1090397A-F65E-47C9-9CE4-392C700D2420}.Release|Any CPU.Build.0 = Release|Any CPU
		{ACB4A0D2-4A3C-4BAE-880B-DE437851EBD1}.Debug|Any CPU.ActiveCfg = Debug|Any CPU
		{ACB4A0D2-4A3C-4BAE-880B-DE437851EBD1}.Debug|Any CPU.Build.0 = Debug|Any CPU
		{ACB4A0D2-4A3C-4BAE-880B-DE437851EBD1}.Release|Any CPU.ActiveCfg = Release|Any CPU
		{ACB4A0D2-4A3C-4BAE-880B-DE437851EBD1}.Release|Any CPU.Build.0 = Release|Any CPU
	EndGlobalSection
	GlobalSection(SolutionProperties) = preSolution
		HideSolutionNode = FALSE
	EndGlobalSection
	GlobalSection(ExtensibilityGlobals) = postSolution
		SolutionGuid = {7BAA10B0-BFDC-4846-8349-B559F4241173}
	EndGlobalSection
EndGlobal
